<Solution>
    <Project Path="src/HEAL.HeuristicAgent.Shared/HEAL.HeuristicAgent.Shared.csproj" />
    <Project Path="src/HEAL.HeuristicLibWrapper/HEAL.HeuristicLibWrapper.csproj" />
    <Project Path="src/HEAL.HeuristicWeb.Grpc.Client/HEAL.HeuristicWeb.Grpc.Client.csproj" />
    <Project Path="src/HEAL.HeuristicWeb.Grpc.Core/HEAL.HeuristicWeb.Grpc.Core.csproj" />
    <Project Path="src/HEAL.HeuristicWeb.Grpc.Server/HEAL.HeuristicWeb.Grpc.Server.csproj" />
    <Project Path="src/HEAL.HeuristicWeb.Rest.Client/HEAL.HeuristicWeb.Rest.Client.csproj" />
    <Project Path="src/HEAL.HeuristicWeb.Rest.Server/HEAL.HeuristicWeb.Rest.Server.csproj" />
    <Project Path="src/HEAL.HeuristicWeb.Server/HEAL.HeuristicWeb.Server.csproj" />
</Solution>
