<Solution>
    <Project Path="src/HEAL.HeuristicAgent.Web/HEAL.HeuristicAgent.Web.csproj" />
    <Project Path="src/HEAL.HeuristicLibAdapter.Grpc/HEAL.HeuristicLibAdapter.Grpc.csproj" />
    <Project Path="src/HEAL.HeuristicLibAdapter/HEAL.HeuristicLibAdapter.csproj" />
    <Project Path="src/HEAL.HeuristicLibCommon/HEAL.HeuristicLibCommon.csproj" />
    <Project Path="src/HEAL.HeuristicLibWrapper/HEAL.HeuristicLibWrapper.csproj" />
    <Project Path="src/HEAL.HeuristicWeb.Grpc.Core/HEAL.HeuristicWeb.Grpc.Core.csproj" />
    <Project Path="src/HEAL.HeuristicWeb.Rest.Client/HEAL.HeuristicWeb.Rest.Client.csproj" />
    <Project Path="src/HEAL.HeuristicWeb.Server/HEAL.HeuristicWeb.Server.csproj" />
</Solution>

